
Microsoft Visual Studio Solution File, Format Version 12.00
# Visual Studio Version 16
VisualStudioVersion = 16.0.30114.105
MinimumVisualStudioVersion = 10.0.40219.1
Project("{FAE04EC0-301F-11D3-BF4B-00C04F79EFBC}") = "BlockReplace", "BlockReplace\BlockReplace.csproj", "{8C9CDDEF-44AF-49E2-9221-51910E924B09}"
EndProject
Project("{FAE04EC0-301F-11D3-BF4B-00C04F79EFBC}") = "Convert", "Convert\Convert.csproj", "{58D2255D-B7E6-4474-93B9-26A2F8D61D98}"
EndProject
Project("{FAE04EC0-301F-11D3-BF4B-00C04F79EFBC}") = "CustomBlocks", "CustomBlocks\CustomBlocks.csproj", "{6CB37FBC-452B-45B6-8529-665DBFA3E453}"
EndProject
Project("{FAE04EC0-301F-11D3-BF4B-00C04F79EFBC}") = "FlatMap", "FlatMap\FlatMap.csproj", "{926A0B5A-6C2E-42C2-AC6B-BA1CB81E067E}"
EndProject
Project("{FAE04EC0-301F-11D3-BF4B-00C04F79EFBC}") = "GiveItem", "GiveItem\GiveItem.csproj", "{FA01920A-562C-4F7D-A95C-9D8387AEF7A0}"
EndProject
Project("{FAE04EC0-301F-11D3-BF4B-00C04F79EFBC}") = "GoodyChest", "GoodyChest\GoodyChest.csproj", "{ADA58F75-3056-4E88-891A-D9539009D825}"
EndProject
Project("{FAE04EC0-301F-11D3-BF4B-00C04F79EFBC}") = "Maze", "Maze\Maze.csproj", "{4EF21236-CA2C-4FF4-B7A7-3CCC857C4A05}"
EndProject
Project("{FAE04EC0-301F-11D3-BF4B-00C04F79EFBC}") = "MoveSpawn", "MoveSpawn\MoveSpawn.csproj", "{0F9F582E-2BB8-487D-BEB4-9503B90E4BDA}"
EndProject
Project("{FAE04EC0-301F-11D3-BF4B-00C04F79EFBC}") = "PurgeEntities", "PurgeEntities\PurgeEntities.csproj", "{2A5BC6E3-EF2A-418D-9BDA-7C0FE2278F17}"
EndProject
Project("{FAE04EC0-301F-11D3-BF4B-00C04F79EFBC}") = "Relight", "Relight\Relight.csproj", "{68696B4B-57EA-4F0A-9A09-ACD03262A656}"
EndProject
Global
    GlobalSection(SolutionConfigurationPlatforms) = preSolution
        Debug|Any CPU = Debug|Any CPU
        Release|Any CPU = Release|Any CPU
    EndGlobalSection
    GlobalSection(SolutionProperties) = preSolution
        HideSolutionNode = FALSE
    EndGlobalSection
    GlobalSection(ProjectConfigurationPlatforms) = postSolution
        {8C9CDDEF-44AF-49E2-9221-51910E924B09}.Debug|Any CPU.ActiveCfg = Debug|Any CPU
        {8C9CDDEF-44AF-49E2-9221-51910E924B09}.Debug|Any CPU.Build.0 = Debug|Any CPU
        {8C9CDDEF-44AF-49E2-9221-51910E924B09}.Release|Any CPU.ActiveCfg = Release|Any CPU
        {8C9CDDEF-44AF-49E2-9221-51910E924B09}.Release|Any CPU.Build.0 = Release|Any CPU
        {58D2255D-B7E6-4474-93B9-26A2F8D61D98}.Debug|Any CPU.ActiveCfg = Debug|Any CPU
        {58D2255D-B7E6-4474-93B9-26A2F8D61D98}.Debug|Any CPU.Build.0 = Debug|Any CPU
        {58D2255D-B7E6-4474-93B9-26A2F8D61D98}.Release|Any CPU.ActiveCfg = Release|Any CPU
        {58D2255D-B7E6-4474-93B9-26A2F8D61D98}.Release|Any CPU.Build.0 = Release|Any CPU
        {6CB37FBC-452B-45B6-8529-665DBFA3E453}.Debug|Any CPU.ActiveCfg = Debug|Any CPU
        {6CB37FBC-452B-45B6-8529-665DBFA3E453}.Debug|Any CPU.Build.0 = Debug|Any CPU
        {6CB37FBC-452B-45B6-8529-665DBFA3E453}.Release|Any CPU.ActiveCfg = Release|Any CPU
        {6CB37FBC-452B-45B6-8529-665DBFA3E453}.Release|Any CPU.Build.0 = Release|Any CPU
        {926A0B5A-6C2E-42C2-AC6B-BA1CB81E067E}.Debug|Any CPU.ActiveCfg = Debug|Any CPU
        {926A0B5A-6C2E-42C2-AC6B-BA1CB81E067E}.Debug|Any CPU.Build.0 = Debug|Any CPU
        {926A0B5A-6C2E-42C2-AC6B-BA1CB81E067E}.Release|Any CPU.ActiveCfg = Release|Any CPU
        {926A0B5A-6C2E-42C2-AC6B-BA1CB81E067E}.Release|Any CPU.Build.0 = Release|Any CPU
        {FA01920A-562C-4F7D-A95C-9D8387AEF7A0}.Debug|Any CPU.ActiveCfg = Debug|Any CPU
        {FA01920A-562C-4F7D-A95C-9D8387AEF7A0}.Debug|Any CPU.Build.0 = Debug|Any CPU
        {FA01920A-562C-4F7D-A95C-9D8387AEF7A0}.Release|Any CPU.ActiveCfg = Release|Any CPU
        {FA01920A-562C-4F7D-A95C-9D8387AEF7A0}.Release|Any CPU.Build.0 = Release|Any CPU
        {ADA58F75-3056-4E88-891A-D9539009D825}.Debug|Any CPU.ActiveCfg = Debug|Any CPU
        {ADA58F75-3056-4E88-891A-D9539009D825}.Debug|Any CPU.Build.0 = Debug|Any CPU
        {ADA58F75-3056-4E88-891A-D9539009D825}.Release|Any CPU.ActiveCfg = Release|Any CPU
        {ADA58F75-3056-4E88-891A-D9539009D825}.Release|Any CPU.Build.0 = Release|Any CPU
        {4EF21236-CA2C-4FF4-B7A7-3CCC857C4A05}.Debug|Any CPU.ActiveCfg = Debug|Any CPU
        {4EF21236-CA2C-4FF4-B7A7-3CCC857C4A05}.Debug|Any CPU.Build.0 = Debug|Any CPU
        {4EF21236-CA2C-4FF4-B7A7-3CCC857C4A05}.Release|Any CPU.ActiveCfg = Release|Any CPU
        {4EF21236-CA2C-4FF4-B7A7-3CCC857C4A05}.Release|Any CPU.Build.0 = Release|Any CPU
        {0F9F582E-2BB8-487D-BEB4-9503B90E4BDA}.Debug|Any CPU.ActiveCfg = Debug|Any CPU
        {0F9F582E-2BB8-487D-BEB4-9503B90E4BDA}.Debug|Any CPU.Build.0 = Debug|Any CPU
        {0F9F582E-2BB8-487D-BEB4-9503B90E4BDA}.Release|Any CPU.ActiveCfg = Release|Any CPU
        {0F9F582E-2BB8-487D-BEB4-9503B90E4BDA}.Release|Any CPU.Build.0 = Release|Any CPU
        {2A5BC6E3-EF2A-418D-9BDA-7C0FE2278F17}.Debug|Any CPU.ActiveCfg = Debug|Any CPU
        {2A5BC6E3-EF2A-418D-9BDA-7C0FE2278F17}.Debug|Any CPU.Build.0 = Debug|Any CPU
        {2A5BC6E3-EF2A-418D-9BDA-7C0FE2278F17}.Release|Any CPU.ActiveCfg = Release|Any CPU
        {2A5BC6E3-EF2A-418D-9BDA-7C0FE2278F17}.Release|Any CPU.Build.0 = Release|Any CPU
        {68696B4B-57EA-4F0A-9A09-ACD03262A656}.Debug|Any CPU.ActiveCfg = Debug|Any CPU
        {68696B4B-57EA-4F0A-9A09-ACD03262A656}.Debug|Any CPU.Build.0 = Debug|Any CPU
        {68696B4B-57EA-4F0A-9A09-ACD03262A656}.Release|Any CPU.ActiveCfg = Release|Any CPU
        {68696B4B-57EA-4F0A-9A09-ACD03262A656}.Release|Any CPU.Build.0 = Release|Any CPU
    EndGlobalSection
EndGlobal
